
Microsoft Visual Studio Solution File, Format Version 12.00
# Visual Studio 15
VisualStudioVersion = 15.0.28307.1684
MinimumVisualStudioVersion = 10.0.40219.1
Project("{FAE04EC0-301F-11D3-BF4B-00C04F79EFBC}") = "SimpleMathQuiz", "SimpleMathQuiz\SimpleMathQuiz.csproj", "{39FE3457-FB9C-4420-BA76-0CF93E92604C}"
EndProject
Global
	GlobalSection(SolutionConfigurationPlatforms) = preSolution
		Debug|Any CPU = Debug|Any CPU
		Release|Any CPU = Release|Any CPU
	EndGlobalSection
	GlobalSection(ProjectConfigurationPlatforms) = postSolution
		{39FE3457-FB9C-4420-BA76-0CF93E92604C}.Debug|Any CPU.ActiveCfg = Debug|Any CPU
		{39FE3457-FB9C-4420-BA76-0CF93E92604C}.Debug|Any CPU.Build.0 = Debug|Any CPU
		{39FE3457-FB9C-4420-BA76-0CF93E92604C}.Release|Any CPU.ActiveCfg = Release|Any CPU
		{39FE3457-FB9C-4420-BA76-0CF93E92604C}.Release|Any CPU.Build.0 = Release|Any CPU
	EndGlobalSection
	GlobalSection(SolutionProperties) = preSolution
		HideSolutionNode = FALSE
	EndGlobalSection
	GlobalSection(ExtensibilityGlobals) = postSolution
		SolutionGuid = {E7269581-268C-4F36-B462-74E0F611964E}
	EndGlobalSection
EndGlobal
